
Microsoft Visual Studio Solution File, Format Version 12.00
# Visual Studio Version 17
VisualStudioVersion = 17.14.37314.3 d17.14
MinimumVisualStudioVersion = 10.0.40219.1
Project("{FAE04EC0-301F-11D3-BF4B-00C04F79EFBC}") = "MvcMusicStoreModernized", "MvcMusicStoreModernized.csproj", "{45332704-290C-4A9B-BA1E-22F9DE7D05E7}"
EndProject
Global
	GlobalSection(SolutionConfigurationPlatforms) = preSolution
		Debug|Any CPU = Debug|Any CPU
		Release|Any CPU = Release|Any CPU
	EndGlobalSection
	GlobalSection(ProjectConfigurationPlatforms) = postSolution
		{45332704-290C-4A9B-BA1E-22F9DE7D05E7}.Debug|Any CPU.ActiveCfg = Debug|Any CPU
		{45332704-290C-4A9B-BA1E-22F9DE7D05E7}.Debug|Any CPU.Build.0 = Debug|Any CPU
		{45332704-290C-4A9B-BA1E-22F9DE7D05E7}.Release|Any CPU.ActiveCfg = Release|Any CPU
		{45332704-290C-4A9B-BA1E-22F9DE7D05E7}.Release|Any CPU.Build.0 = Release|Any CPU
	EndGlobalSection
	GlobalSection(SolutionProperties) = preSolution
		HideSolutionNode = FALSE
	EndGlobalSection
	GlobalSection(ExtensibilityGlobals) = postSolution
		SolutionGuid = {5C754580-7663-4FB2-88E9-C33CF08B9FC9}
	EndGlobalSection
EndGlobal
